Microsoft Visual Studio Solution File, Format Version 12.00
# Visual Studio 2012
Project("{FAE04EC0-301F-11D3-BF4B-00C04F79EFBC}") = "AggregatedObjects.Module", "AggregatedObjects.Module\AggregatedObjects.Module.csproj", "{C74EE968-FDB4-40D1-90FF-FC2E51142C91}"
EndProject
Project("{FAE04EC0-301F-11D3-BF4B-00C04F79EFBC}") = "AggregatedObjects.Module.Web", "AggregatedObjects.Module.Web\AggregatedObjects.Module.Web.csproj", "{3DC25E09-4ACB-47A6-96E5-72F6848D83BA}"
EndProject
Project("{FAE04EC0-301F-11D3-BF4B-00C04F79EFBC}") = "AggregatedObjects.Web", "AggregatedObjects.Web\AggregatedObjects.Web.csproj", "{59CF3A44-C7E6-4395-B10A-17916185475C}"
EndProject
Project("{FAE04EC0-301F-11D3-BF4B-00C04F79EFBC}") = "AggregatedObjects.Module.Win", "AggregatedObjects.Module.Win\AggregatedObjects.Module.Win.csproj", "{1DA7B67A-8B3B-4D0F-8174-30040443B138}"
EndProject
Project("{FAE04EC0-301F-11D3-BF4B-00C04F79EFBC}") = "AggregatedObjects.Win", "AggregatedObjects.Win\AggregatedObjects.Win.csproj", "{840ABFE3-4AEF-4F33-B3FC-139225A005E5}"
EndProject
Global
	GlobalSection(SolutionConfigurationPlatforms) = preSolution
		Debug|Any CPU = Debug|Any CPU
		Release|Any CPU = Release|Any CPU
	EndGlobalSection
	GlobalSection(ProjectConfigurationPlatforms) = postSolution
		{C74EE968-FDB4-40D1-90FF-FC2E51142C91}.Debug|Any CPU.ActiveCfg = Debug|Any CPU
		{C74EE968-FDB4-40D1-90FF-FC2E51142C91}.Debug|Any CPU.Build.0 = Debug|Any CPU
		{C74EE968-FDB4-40D1-90FF-FC2E51142C91}.Release|Any CPU.ActiveCfg = Release|Any CPU
		{C74EE968-FDB4-40D1-90FF-FC2E51142C91}.Release|Any CPU.Build.0 = Release|Any CPU
		{3DC25E09-4ACB-47A6-96E5-72F6848D83BA}.Debug|Any CPU.ActiveCfg = Debug|Any CPU
		{3DC25E09-4ACB-47A6-96E5-72F6848D83BA}.Debug|Any CPU.Build.0 = Debug|Any CPU
		{3DC25E09-4ACB-47A6-96E5-72F6848D83BA}.Release|Any CPU.ActiveCfg = Release|Any CPU
		{3DC25E09-4ACB-47A6-96E5-72F6848D83BA}.Release|Any CPU.Build.0 = Release|Any CPU
		{59CF3A44-C7E6-4395-B10A-17916185475C}.Debug|Any CPU.ActiveCfg = Debug|Any CPU
		{59CF3A44-C7E6-4395-B10A-17916185475C}.Debug|Any CPU.Build.0 = Debug|Any CPU
		{59CF3A44-C7E6-4395-B10A-17916185475C}.Release|Any CPU.ActiveCfg = Release|Any CPU
		{59CF3A44-C7E6-4395-B10A-17916185475C}.Release|Any CPU.Build.0 = Release|Any CPU
		{1DA7B67A-8B3B-4D0F-8174-30040443B138}.Debug|Any CPU.ActiveCfg = Debug|Any CPU
		{1DA7B67A-8B3B-4D0F-8174-30040443B138}.Debug|Any CPU.Build.0 = Debug|Any CPU
		{1DA7B67A-8B3B-4D0F-8174-30040443B138}.Release|Any CPU.ActiveCfg = Release|Any CPU
		{1DA7B67A-8B3B-4D0F-8174-30040443B138}.Release|Any CPU.Build.0 = Release|Any CPU
		{840ABFE3-4AEF-4F33-B3FC-139225A005E5}.Debug|Any CPU.ActiveCfg = Debug|Any CPU
		{840ABFE3-4AEF-4F33-B3FC-139225A005E5}.Debug|Any CPU.Build.0 = Debug|Any CPU
		{840ABFE3-4AEF-4F33-B3FC-139225A005E5}.Release|Any CPU.ActiveCfg = Release|Any CPU
		{840ABFE3-4AEF-4F33-B3FC-139225A005E5}.Release|Any CPU.Build.0 = Release|Any CPU
	EndGlobalSection
	GlobalSection(SolutionProperties) = preSolution
		HideSolutionNode = FALSE
	EndGlobalSection
EndGlobal
